
Microsoft Visual Studio Solution File, Format Version 12.00
# Visual Studio Version 16
VisualStudioVersion = 16.0.31205.134
MinimumVisualStudioVersion = 10.0.40219.1
Project("{FAE04EC0-301F-11D3-BF4B-00C04F79EFBC}") = "personeltakip", "personeltakip\personeltakip.csproj", "{A504BD1C-9334-48F7-9225-68E3386130D9}"
EndProject
Global
	GlobalSection(SolutionConfigurationPlatforms) = preSolution
		Debug|Any CPU = Debug|Any CPU
		Release|Any CPU = Release|Any CPU
	EndGlobalSection
	GlobalSection(ProjectConfigurationPlatforms) = postSolution
		{A504BD1C-9334-48F7-9225-68E3386130D9}.Debug|Any CPU.ActiveCfg = Debug|Any CPU
		{A504BD1C-9334-48F7-9225-68E3386130D9}.Debug|Any CPU.Build.0 = Debug|Any CPU
		{A504BD1C-9334-48F7-9225-68E3386130D9}.Release|Any CPU.ActiveCfg = Release|Any CPU
		{A504BD1C-9334-48F7-9225-68E3386130D9}.Release|Any CPU.Build.0 = Release|Any CPU
	EndGlobalSection
	GlobalSection(SolutionProperties) = preSolution
		HideSolutionNode = FALSE
	EndGlobalSection
	GlobalSection(ExtensibilityGlobals) = postSolution
		SolutionGuid = {8804AE02-D38B-4543-9D3E-707CB898B816}
	EndGlobalSection
EndGlobal
